{
    "name": "@qualitech/qneo4j",
    "version": "0.0.1",
    "lockfileVersion": 1,
    "requires": true,
    "dependencies": {
        "@babel/runtime": {
            "version": "7.5.5",
            "resolved": "https://registry.npmjs.org/@babel/runtime/-/runtime-7.5.5.tgz",
            "integrity": "sha512-28QvEGyQyNkB0/m2B4FU7IEZGK2NUrcMtT6BZEFALTguLk+AUT6ofsHtPk5QyjAdUkpMJ+/Em+quwz4HOt30AQ==",
            "requires": {
                "regenerator-runtime": "0.13.3"
            }
        },
        "@qualitech/qneo4j-parser": {
            "version": "0.0.1",
            "resolved": "https://registry.npmjs.org/@qualitech/qneo4j-parser/-/qneo4j-parser-0.0.1.tgz",
            "integrity": "sha512-VUY1ktjol0wJmU7OVTPEkrbllR4n/a370pvC/pwRiK5ECO7+reb+drtCub9Ee91+j0bKIVedHS9dUdHDDMZV2g==",
            "requires": {
                "@qualitech/qneo4j-util": "0.0.1"
            }
        },
        "@qualitech/qneo4j-util": {
            "version": "0.0.1",
            "resolved": "https://registry.npmjs.org/@qualitech/qneo4j-util/-/qneo4j-util-0.0.1.tgz",
            "integrity": "sha512-2G3CB4nM2CAIRS+BgddqoFRoWmfUbvOs/RVNeVbe9pT1KGQAW5TmtAS5f5bml2iOWyKQTYvRRzeBo9eQJS04Mg==",
            "requires": {
                "neo4j-driver": "1.7.5"
            }
        },
        "neo4j-driver": {
            "version": "1.7.5",
            "resolved": "https://registry.npmjs.org/neo4j-driver/-/neo4j-driver-1.7.5.tgz",
            "integrity": "sha512-xCD2F5+tp/SD9r5avX5bSoY8u8RH2o793xJ9Ikjz1s5qQy7cFxFbbj2c52uz3BVGhRAx/NmB57VjOquYmmxGtw==",
            "requires": {
                "@babel/runtime": "7.5.5",
                "text-encoding-utf-8": "1.0.2",
                "uri-js": "4.2.2"
            }
        },
        "punycode": {
            "version": "2.1.1",
            "resolved": "https://registry.npmjs.org/punycode/-/punycode-2.1.1.tgz",
            "integrity": "sha512-XRsRjdf+j5ml+y/6GKHPZbrF/8p2Yga0JPtdqTIY2Xe5ohJPD9saDJJLPvp9+NSBprVvevdXZybnj2cv8OEd0A=="
        },
        "regenerator-runtime": {
            "version": "0.13.3",
            "resolved": "https://registry.npmjs.org/regenerator-runtime/-/regenerator-runtime-0.13.3.tgz",
            "integrity": "sha512-naKIZz2GQ8JWh///G7L3X6LaQUAMp2lvb1rvwwsURe/VXwD6VMfr+/1NuNw3ag8v2kY1aQ/go5SNn79O9JU7yw=="
        },
        "text-encoding-utf-8": {
            "version": "1.0.2",
            "resolved": "https://registry.npmjs.org/text-encoding-utf-8/-/text-encoding-utf-8-1.0.2.tgz",
            "integrity": "sha512-8bw4MY9WjdsD2aMtO0OzOCY3pXGYNx2d2FfHRVUKkiCPDWjKuOlhLVASS+pD7VkLTVjW268LYJHwsnPFlBpbAg=="
        },
        "uri-js": {
            "version": "4.2.2",
            "resolved": "https://registry.npmjs.org/uri-js/-/uri-js-4.2.2.tgz",
            "integrity": "sha512-KY9Frmirql91X2Qgjry0Wd4Y+YTdrdZheS8TFwvkbLWf/G5KNJDCh6pKL5OZctEW4+0Baa5idK2ZQuELRwPznQ==",
            "requires": {
                "punycode": "2.1.1"
            }
        }
    }
}
